{
  "name": "alica-v2",
  "version": "0.0.0",
  "lockfileVersion": 3,
  "requires": true,
  "packages": {
    "": {
      "name": "alica-v2",
      "version": "0.0.0",
      "license": "UNLICENSED",
      "workspaces": [
        "packages/*"
      ],
      "devDependencies": {
        "prettier": "3.9.7",
        "typescript": "6.0.3"
      },
      "engines": {
        "node": "24.21.0",
        "npm": "11.19.0"
      }
    },
    "node_modules/@alica/acap-types": {
      "resolved": "packages/acap-types",
      "link": true
    },
    "node_modules/prettier": {
      "version": "3.9.7",
      "resolved": "https://registry.npmjs.org/prettier/-/prettier-3.9.7.tgz",
      "integrity": "sha512-T3mF5P7HFzZVLDQuCUNtJj6WK1pcpLMweMNUVwGb01bLNkH9AkKxtZvmInw8K6bnn2O3d6/5RHl6zSHiBAD0Og==",
      "dev": true,
      "license": "MIT",
      "bin": {
        "prettier": "bin/prettier.cjs"
      },
      "engines": {
        "node": ">=14"
      },
      "funding": {
        "url": "https://github.com/prettier/prettier?sponsor=1"
      }
    },
    "node_modules/typescript": {
      "version": "6.0.3",
      "resolved": "https://registry.npmjs.org/typescript/-/typescript-6.0.3.tgz",
      "integrity": "sha512-y2TvuxSZPDyQakkFRPZHKFm+KKVqIisdg9/CZwm9ftvKXLP8NRWj38/ODjNbr43SsoXqNuAisEf1GdCxqWcdBw==",
      "dev": true,
      "license": "Apache-2.0",
      "bin": {
        "tsc": "bin/tsc",
        "tsserver": "bin/tsserver"
      },
      "engines": {
        "node": ">=14.17"
      }
    },
    "packages/acap-types": {
      "name": "@alica/acap-types",
      "version": "0.0.0",
      "license": "UNLICENSED"
    }
  }
}
